// !$*UTF8*$!
{
	archiveVersion = 1;
	classes = {
	};
	objectVersion = 46;
	objects = {

/* Begin PBXBuildFile section */
		21D8FCA31EC4151F00C6A3DC /* AppDelegate.swift in Sources */ = {isa = PBXBuildFile; fileRef = 21D8FCA21EC4151F00C6A3DC /* AppDelegate.swift */; };
		21D8FCA81EC4151F00C6A3DC /* Main.storyboard in Resources */ = {isa = PBXBuildFile; fileRef = 21D8FCA61EC4151F00C6A3DC /* Main.storyboard */; };
		21D8FCAA1EC4151F00C6A3DC /* Assets.xcassets in Resources */ = {isa = PBXBuildFile; fileRef = 21D8FCA91EC4151F00C6A3DC /* Assets.xcassets */; };
		21D8FCAD1EC4151F00C6A3DC /* LaunchScreen.storyboard in Resources */ = {isa = PBXBuildFile; fileRef = 21D8FCAB1EC4151F00C6A3DC /* LaunchScreen.storyboard */; };
		21D8FCB81EC4151F00C6A3DC /* p2sTests.swift in Sources */ = {isa = PBXBuildFile; fileRef = 21D8FCB71EC4151F00C6A3DC /* p2sTests.swift */; };
		21D8FCC31EC4151F00C6A3DC /* p2sUITests.swift in Sources */ = {isa = PBXBuildFile; fileRef = 21D8FCC21EC4151F00C6A3DC /* p2sUITests.swift */; };
		21D8FCD31EC415CE00C6A3DC /* SWRevealViewController.m in Sources */ = {isa = PBXBuildFile; fileRef = 21D8FCD21EC415CE00C6A3DC /* SWRevealViewController.m */; };
		21D8FCD51EC4188500C6A3DC /* ViewController.swift in Sources */ = {isa = PBXBuildFile; fileRef = 21D8FCD41EC4188500C6A3DC /* ViewController.swift */; };
		21D8FCD81EC4219900C6A3DC /* MapKit.framework in Frameworks */ = {isa = PBXBuildFile; fileRef = 21D8FCD71EC4219900C6A3DC /* MapKit.framework */; };
		21D8FCDA1EC423A500C6A3DC /* CoreLocation.framework in Frameworks */ = {isa = PBXBuildFile; fileRef = 21D8FCD91EC423A500C6A3DC /* CoreLocation.framework */; };
		21D8FCDC1EC9829100C6A3DC /* Profile.swift in Sources */ = {isa = PBXBuildFile; fileRef = 21D8FCDB1EC9829100C6A3DC /* Profile.swift */; };
		21D8FCDE1EC984D700C6A3DC /* Favourites.swift in Sources */ = {isa = PBXBuildFile; fileRef = 21D8FCDD1EC984D700C6A3DC /* Favourites.swift */; };
		21D8FCE01EC984E900C6A3DC /* History.swift in Sources */ = {isa = PBXBuildFile; fileRef = 21D8FCDF1EC984E900C6A3DC /* History.swift */; };
		21D8FCE21EC984F400C6A3DC /* Support.swift in Sources */ = {isa = PBXBuildFile; fileRef = 21D8FCE11EC984F400C6A3DC /* Support.swift */; };
		21D8FCE41EC9850100C6A3DC /* Settings.swift in Sources */ = {isa = PBXBuildFile; fileRef = 21D8FCE31EC9850100C6A3DC /* Settings.swift */; };
		B55DCC9D1F52CF9A00BB44BD /* RegisterPageViewController.swift in Sources */ = {isa = PBXBuildFile; fileRef = B55DCC9C1F52CF9A00BB44BD /* RegisterPageViewController.swift */; };
		B55DCC9F1F52E08000BB44BD /* LoginViewController.swift in Sources */ = {isa = PBXBuildFile; fileRef = B55DCC9E1F52E08000BB44BD /* LoginViewController.swift */; };
		B57A3BEC1F5598DA00B3EC33 /* RouteViewController.swift in Sources */ = {isa = PBXBuildFile; fileRef = B57A3BEB1F5598DA00B3EC33 /* RouteViewController.swift */; };
		B57A3BF01F559CF000B3EC33 /* ResultsTableCell.swift in Sources */ = {isa = PBXBuildFile; fileRef = B57A3BEF1F559CF000B3EC33 /* ResultsTableCell.swift */; };
/* End PBXBuildFile section */

/* Begin PBXContainerItemProxy section */
		21D8FCB41EC4151F00C6A3DC /* PBXContainerItemProxy */ = {
			isa = PBXContainerItemProxy;
			containerPortal = 21D8FC971EC4151F00C6A3DC /* Project object */;
			proxyType = 1;
			remoteGlobalIDString = 21D8FC9E1EC4151F00C6A3DC;
			remoteInfo = p2s;
		};
		21D8FCBF1EC4151F00C6A3DC /* PBXContainerItemProxy */ = {
			isa = PBXContainerItemProxy;
			containerPortal = 21D8FC971EC4151F00C6A3DC /* Project object */;
			proxyType = 1;
			remoteGlobalIDString = 21D8FC9E1EC4151F00C6A3DC;
			remoteInfo = p2s;
		};
/* End PBXContainerItemProxy section */

/* Begin PBXFileReference section */
		21D8FC9F1EC4151F00C6A3DC /* p2s.app */ = {isa = PBXFileReference; explicitFileType = wrapper.application; includeInIndex = 0; path = p2s.app; sourceTree = BUILT_PRODUCTS_DIR; };
		21D8FCA21EC4151F00C6A3DC /* AppDelegate.swift */ = {isa = PBXFileReference; lastKnownFileType = sourcecode.swift; path = AppDelegate.swift; sourceTree = "<group>"; };
		21D8FCA71EC4151F00C6A3DC /* Base */ = {isa = PBXFileReference; lastKnownFileType = file.storyboard; name = Base; path = Base.lproj/Main.storyboard; sourceTree = "<group>"; };
		21D8FCA91EC4151F00C6A3DC /* Assets.xcassets */ = {isa = PBXFileReference; lastKnownFileType = folder.assetcatalog; path = Assets.xcassets; sourceTree = "<group>"; };
		21D8FCAC1EC4151F00C6A3DC /* Base */ = {isa = PBXFileReference; lastKnownFileType = file.storyboard; name = Base; path = Base.lproj/LaunchScreen.storyboard; sourceTree = "<group>"; };
		21D8FCAE1EC4151F00C6A3DC /* Info.plist */ = {isa = PBXFileReference; lastKnownFileType = text.plist.xml; path = Info.plist; sourceTree = "<group>"; };
		21D8FCB31EC4151F00C6A3DC /* p2sTests.xctest */ = {isa = PBXFileReference; explicitFileType = wrapper.cfbundle; includeInIndex = 0; path = p2sTests.xctest; sourceTree = BUILT_PRODUCTS_DIR; };
		21D8FCB71EC4151F00C6A3DC /* p2sTests.swift */ = {isa = PBXFileReference; lastKnownFileType = sourcecode.swift; path = p2sTests.swift; sourceTree = "<group>"; };
		21D8FCB91EC4151F00C6A3DC /* Info.plist */ = {isa = PBXFileReference; lastKnownFileType = text.plist.xml; path = Info.plist; sourceTree = "<group>"; };
		21D8FCBE1EC4151F00C6A3DC /* p2sUITests.xctest */ = {isa = PBXFileReference; explicitFileType = wrapper.cfbundle; includeInIndex = 0; path = p2sUITests.xctest; sourceTree = BUILT_PRODUCTS_DIR; };
		21D8FCC21EC4151F00C6A3DC /* p2sUITests.swift */ = {isa = PBXFileReference; lastKnownFileType = sourcecode.swift; path = p2sUITests.swift; sourceTree = "<group>"; };
		21D8FCC41EC4151F00C6A3DC /* Info.plist */ = {isa = PBXFileReference; lastKnownFileType = text.plist.xml; path = Info.plist; sourceTree = "<group>"; };
		21D8FCD01EC415CD00C6A3DC /* p2s-Bridging-Header.h */ = {isa = PBXFileReference; lastKnownFileType = sourcecode.c.h; path = "p2s-Bridging-Header.h"; sourceTree = "<group>"; };
		21D8FCD11EC415CE00C6A3DC /* SWRevealViewController.h */ = {isa = PBXFileReference; fileEncoding = 4; lastKnownFileType = sourcecode.c.h; path = SWRevealViewController.h; sourceTree = "<group>"; };
		21D8FCD21EC415CE00C6A3DC /* SWRevealViewController.m */ = {isa = PBXFileReference; fileEncoding = 4; lastKnownFileType = sourcecode.c.objc; path = SWRevealViewController.m; sourceTree = "<group>"; };
		21D8FCD41EC4188500C6A3DC /* ViewController.swift */ = {isa = PBXFileReference; fileEncoding = 4; lastKnownFileType = sourcecode.swift; path = ViewController.swift; sourceTree = "<group>"; };
		21D8FCD71EC4219900C6A3DC /* MapKit.framework */ = {isa = PBXFileReference; lastKnownFileType = wrapper.framework; name = MapKit.framework; path = System/Library/Frameworks/MapKit.framework; sourceTree = SDKROOT; };
		21D8FCD91EC423A500C6A3DC /* CoreLocation.framework */ = {isa = PBXFileReference; lastKnownFileType = wrapper.framework; name = CoreLocation.framework; path = System/Library/Frameworks/CoreLocation.framework; sourceTree = SDKROOT; };
		21D8FCDB1EC9829100C6A3DC /* Profile.swift */ = {isa = PBXFileReference; fileEncoding = 4; lastKnownFileType = sourcecode.swift; path = Profile.swift; sourceTree = "<group>"; };
		21D8FCDD1EC984D700C6A3DC /* Favourites.swift */ = {isa = PBXFileReference; fileEncoding = 4; lastKnownFileType = sourcecode.swift; path = Favourites.swift; sourceTree = "<group>"; };
		21D8FCDF1EC984E900C6A3DC /* History.swift */ = {isa = PBXFileReference; fileEncoding = 4; lastKnownFileType = sourcecode.swift; path = History.swift; sourceTree = "<group>"; };
		21D8FCE11EC984F400C6A3DC /* Support.swift */ = {isa = PBXFileReference; fileEncoding = 4; lastKnownFileType = sourcecode.swift; path = Support.swift; sourceTree = "<group>"; };
		21D8FCE31EC9850100C6A3DC /* Settings.swift */ = {isa = PBXFileReference; fileEncoding = 4; lastKnownFileType = sourcecode.swift; path = Settings.swift; sourceTree = "<group>"; };
		B55DCC9C1F52CF9A00BB44BD /* RegisterPageViewController.swift */ = {isa = PBXFileReference; fileEncoding = 4; lastKnownFileType = sourcecode.swift; path = RegisterPageViewController.swift; sourceTree = "<group>"; };
		B55DCC9E1F52E08000BB44BD /* LoginViewController.swift */ = {isa = PBXFileReference; fileEncoding = 4; lastKnownFileType = sourcecode.swift; path = LoginViewController.swift; sourceTree = "<group>"; };
		B57A3BEB1F5598DA00B3EC33 /* RouteViewController.swift */ = {isa = PBXFileReference; fileEncoding = 4; lastKnownFileType = sourcecode.swift; path = RouteViewController.swift; sourceTree = "<group>"; };
		B57A3BEF1F559CF000B3EC33 /* ResultsTableCell.swift */ = {isa = PBXFileReference; fileEncoding = 4; lastKnownFileType = sourcecode.swift; path = ResultsTableCell.swift; sourceTree = "<group>"; };
/* End PBXFileReference section */

/* Begin PBXFrameworksBuildPhase section */
		21D8FC9C1EC4151F00C6A3DC /* Frameworks */ = {
			isa = PBXFrameworksBuildPhase;
			buildActionMask = 2147483647;
			files = (
				21D8FCDA1EC423A500C6A3DC /* CoreLocation.framework in Frameworks */,
				21D8FCD81EC4219900C6A3DC /* MapKit.framework in Frameworks */,
			);
			runOnlyForDeploymentPostprocessing = 0;
		};
		21D8FCB01EC4151F00C6A3DC /* Frameworks */ = {
			isa = PBXFrameworksBuildPhase;
			buildActionMask = 2147483647;
			files = (
			);
			runOnlyForDeploymentPostprocessing = 0;
		};
		21D8FCBB1EC4151F00C6A3DC /* Frameworks */ = {
			isa = PBXFrameworksBuildPhase;
			buildActionMask = 2147483647;
			files = (
			);
			runOnlyForDeploymentPostprocessing = 0;
		};
/* End PBXFrameworksBuildPhase section */

/* Begin PBXGroup section */
		21D8FC961EC4151F00C6A3DC = {
			isa = PBXGroup;
			children = (
				21D8FCA11EC4151F00C6A3DC /* p2s */,
				21D8FCB61EC4151F00C6A3DC /* p2sTests */,
				21D8FCC11EC4151F00C6A3DC /* p2sUITests */,
				21D8FCA01EC4151F00C6A3DC /* Products */,
				21D8FCD61EC4219900C6A3DC /* Frameworks */,
			);
			sourceTree = "<group>";
		};
		21D8FCA01EC4151F00C6A3DC /* Products */ = {
			isa = PBXGroup;
			children = (
				21D8FC9F1EC4151F00C6A3DC /* p2s.app */,
				21D8FCB31EC4151F00C6A3DC /* p2sTests.xctest */,
				21D8FCBE1EC4151F00C6A3DC /* p2sUITests.xctest */,
			);
			name = Products;
			sourceTree = "<group>";
		};
		21D8FCA11EC4151F00C6A3DC /* p2s */ = {
			isa = PBXGroup;
			children = (
				21D8FCA21EC4151F00C6A3DC /* AppDelegate.swift */,
				21D8FCA61EC4151F00C6A3DC /* Main.storyboard */,
				21D8FCA91EC4151F00C6A3DC /* Assets.xcassets */,
				21D8FCAB1EC4151F00C6A3DC /* LaunchScreen.storyboard */,
				21D8FCD41EC4188500C6A3DC /* ViewController.swift */,
				B55DCC9E1F52E08000BB44BD /* LoginViewController.swift */,
				B55DCC9C1F52CF9A00BB44BD /* RegisterPageViewController.swift */,
				21D8FCDB1EC9829100C6A3DC /* Profile.swift */,
				21D8FCDD1EC984D700C6A3DC /* Favourites.swift */,
				21D8FCDF1EC984E900C6A3DC /* History.swift */,
				21D8FCE11EC984F400C6A3DC /* Support.swift */,
				21D8FCE31EC9850100C6A3DC /* Settings.swift */,
				21D8FCD11EC415CE00C6A3DC /* SWRevealViewController.h */,
				21D8FCD21EC415CE00C6A3DC /* SWRevealViewController.m */,
				21D8FCAE1EC4151F00C6A3DC /* Info.plist */,
				21D8FCD01EC415CD00C6A3DC /* p2s-Bridging-Header.h */,
				B57A3BEB1F5598DA00B3EC33 /* RouteViewController.swift */,
				B57A3BEF1F559CF000B3EC33 /* ResultsTableCell.swift */,
			);
			path = p2s;
			sourceTree = "<group>";
		};
		21D8FCB61EC4151F00C6A3DC /* p2sTests */ = {
			isa = PBXGroup;
			children = (
				21D8FCB71EC4151F00C6A3DC /* p2sTests.swift */,
				21D8FCB91EC4151F00C6A3DC /* Info.plist */,
			);
			path = p2sTests;
			sourceTree = "<group>";
		};
		21D8FCC11EC4151F00C6A3DC /* p2sUITests */ = {
			isa = PBXGroup;
			children = (
				21D8FCC21EC4151F00C6A3DC /* p2sUITests.swift */,
				21D8FCC41EC4151F00C6A3DC /* Info.plist */,
			);
			path = p2sUITests;
			sourceTree = "<group>";
		};
		21D8FCD61EC4219900C6A3DC /* Frameworks */ = {
			isa = PBXGroup;
			children = (
				21D8FCD91EC423A500C6A3DC /* CoreLocation.framework */,
				21D8FCD71EC4219900C6A3DC /* MapKit.framework */,
			);
			name = Frameworks;
			sourceTree = "<group>";
		};
/* End PBXGroup section */

/* Begin PBXNativeTarget section */
		21D8FC9E1EC4151F00C6A3DC /* p2s */ = {
			isa = PBXNativeTarget;
			buildConfigurationList = 21D8FCC71EC4151F00C6A3DC /* Build configuration list for PBXNativeTarget "p2s" */;
			buildPhases = (
				21D8FC9B1EC4151F00C6A3DC /* Sources */,
				21D8FC9C1EC4151F00C6A3DC /* Frameworks */,
				21D8FC9D1EC4151F00C6A3DC /* Resources */,
			);
			buildRules = (
			);
			dependencies = (
			);
			name = p2s;
			productName = p2s;
			productReference = 21D8FC9F1EC4151F00C6A3DC /* p2s.app */;
			productType = "com.apple.product-type.application";
		};
		21D8FCB21EC4151F00C6A3DC /* p2sTests */ = {
			isa = PBXNativeTarget;
			buildConfigurationList = 21D8FCCA1EC4151F00C6A3DC /* Build configuration list for PBXNativeTarget "p2sTests" */;
			buildPhases = (
				21D8FCAF1EC4151F00C6A3DC /* Sources */,
				21D8FCB01EC4151F00C6A3DC /* Frameworks */,
				21D8FCB11EC4151F00C6A3DC /* Resources */,
			);
			buildRules = (
			);
			dependencies = (
				21D8FCB51EC4151F00C6A3DC /* PBXTargetDependency */,
			);
			name = p2sTests;
			productName = p2sTests;
			productReference = 21D8FCB31EC4151F00C6A3DC /* p2sTests.xctest */;
			productType = "com.apple.product-type.bundle.unit-test";
		};
		21D8FCBD1EC4151F00C6A3DC /* p2sUITests */ = {
			isa = PBXNativeTarget;
			buildConfigurationList = 21D8FCCD1EC4151F00C6A3DC /* Build configuration list for PBXNativeTarget "p2sUITests" */;
			buildPhases = (
				21D8FCBA1EC4151F00C6A3DC /* Sources */,
				21D8FCBB1EC4151F00C6A3DC /* Frameworks */,
				21D8FCBC1EC4151F00C6A3DC /* Resources */,
			);
			buildRules = (
			);
			dependencies = (
				21D8FCC01EC4151F00C6A3DC /* PBXTargetDependency */,
			);
			name = p2sUITests;
			productName = p2sUITests;
			productReference = 21D8FCBE1EC4151F00C6A3DC /* p2sUITests.xctest */;
			productType = "com.apple.product-type.bundle.ui-testing";
		};
/* End PBXNativeTarget section */

/* Begin PBXProject section */
		21D8FC971EC4151F00C6A3DC /* Project object */ = {
			isa = PBXProject;
			attributes = {
				LastSwiftUpdateCheck = 0820;
				LastUpgradeCheck = 0820;
				ORGANIZATIONNAME = "Edward Soutar";
				TargetAttributes = {
					21D8FC9E1EC4151F00C6A3DC = {
						CreatedOnToolsVersion = 8.2.1;
						LastSwiftMigration = 0820;
						ProvisioningStyle = Automatic;
						SystemCapabilities = {
							com.apple.Maps.iOS = {
								enabled = 1;
							};
						};
					};
					21D8FCB21EC4151F00C6A3DC = {
						CreatedOnToolsVersion = 8.2.1;
						ProvisioningStyle = Automatic;
						TestTargetID = 21D8FC9E1EC4151F00C6A3DC;
					};
					21D8FCBD1EC4151F00C6A3DC = {
						CreatedOnToolsVersion = 8.2.1;
						ProvisioningStyle = Automatic;
						TestTargetID = 21D8FC9E1EC4151F00C6A3DC;
					};
				};
			};
			buildConfigurationList = 21D8FC9A1EC4151F00C6A3DC /* Build configuration list for PBXProject "p2s" */;
			compatibilityVersion = "Xcode 3.2";
			developmentRegion = English;
			hasScannedForEncodings = 0;
			knownRegions = (
				en,
				Base,
			);
			mainGroup = 21D8FC961EC4151F00C6A3DC;
			productRefGroup = 21D8FCA01EC4151F00C6A3DC /* Products */;
			projectDirPath = "";
			projectRoot = "";
			targets = (
				21D8FC9E1EC4151F00C6A3DC /* p2s */,
				21D8FCB21EC4151F00C6A3DC /* p2sTests */,
				21D8FCBD1EC4151F00C6A3DC /* p2sUITests */,
			);
		};
/* End PBXProject section */

/* Begin PBXResourcesBuildPhase section */
		21D8FC9D1EC4151F00C6A3DC /* Resources */ = {
			isa = PBXResourcesBuildPhase;
			buildActionMask = 2147483647;
			files = (
				21D8FCAD1EC4151F00C6A3DC /* LaunchScreen.storyboard in Resources */,
				21D8FCAA1EC4151F00C6A3DC /* Assets.xcassets in Resources */,
				21D8FCA81EC4151F00C6A3DC /* Main.storyboard in Resources */,
			);
			runOnlyForDeploymentPostprocessing = 0;
		};
		21D8FCB11EC4151F00C6A3DC /* Resources */ = {
			isa = PBXResourcesBuildPhase;
			buildActionMask = 2147483647;
			files = (
			);
			runOnlyForDeploymentPostprocessing = 0;
		};
		21D8FCBC1EC4151F00C6A3DC /* Resources */ = {
			isa = PBXResourcesBuildPhase;
			buildActionMask = 2147483647;
			files = (
			);
			runOnlyForDeploymentPostprocessing = 0;
		};
/* End PBXResourcesBuildPhase section */

/* Begin PBXSourcesBuildPhase section */
		21D8FC9B1EC4151F00C6A3DC /* Sources */ = {
			isa = PBXSourcesBuildPhase;
			buildActionMask = 2147483647;
			files = (
				21D8FCE21EC984F400C6A3DC /* Support.swift in Sources */,
				21D8FCE01EC984E900C6A3DC /* History.swift in Sources */,
				B57A3BEC1F5598DA00B3EC33 /* RouteViewController.swift in Sources */,
				21D8FCE41EC9850100C6A3DC /* Settings.swift in Sources */,
				B57A3BF01F559CF000B3EC33 /* ResultsTableCell.swift in Sources */,
				B55DCC9D1F52CF9A00BB44BD /* RegisterPageViewController.swift in Sources */,
				21D8FCDE1EC984D700C6A3DC /* Favourites.swift in Sources */,
				21D8FCD51EC4188500C6A3DC /* ViewController.swift in Sources */,
				21D8FCDC1EC9829100C6A3DC /* Profile.swift in Sources */,
				21D8FCA31EC4151F00C6A3DC /* AppDelegate.swift in Sources */,
				21D8FCD31EC415CE00C6A3DC /* SWRevealViewController.m in Sources */,
				B55DCC9F1F52E08000BB44BD /* LoginViewController.swift in Sources */,
			);
			runOnlyForDeploymentPostprocessing = 0;
		};
		21D8FCAF1EC4151F00C6A3DC /* Sources */ = {
			isa = PBXSourcesBuildPhase;
			buildActionMask = 2147483647;
			files = (
				21D8FCB81EC4151F00C6A3DC /* p2sTests.swift in Sources */,
			);
			runOnlyForDeploymentPostprocessing = 0;
		};
		21D8FCBA1EC4151F00C6A3DC /* Sources */ = {
			isa = PBXSourcesBuildPhase;
			buildActionMask = 2147483647;
			files = (
				21D8FCC31EC4151F00C6A3DC /* p2sUITests.swift in Sources */,
			);
			runOnlyForDeploymentPostprocessing = 0;
		};
/* End PBXSourcesBuildPhase section */

/* Begin PBXTargetDependency section */
		21D8FCB51EC4151F00C6A3DC /* PBXTargetDependency */ = {
			isa = PBXTargetDependency;
			target = 21D8FC9E1EC4151F00C6A3DC /* p2s */;
			targetProxy = 21D8FCB41EC4151F00C6A3DC /* PBXContainerItemProxy */;
		};
		21D8FCC01EC4151F00C6A3DC /* PBXTargetDependency */ = {
			isa = PBXTargetDependency;
			target = 21D8FC9E1EC4151F00C6A3DC /* p2s */;
			targetProxy = 21D8FCBF1EC4151F00C6A3DC /* PBXContainerItemProxy */;
		};
/* End PBXTargetDependency section */

/* Begin PBXVariantGroup section */
		21D8FCA61EC4151F00C6A3DC /* Main.storyboard */ = {
			isa = PBXVariantGroup;
			children = (
				21D8FCA71EC4151F00C6A3DC /* Base */,
			);
			name = Main.storyboard;
			sourceTree = "<group>";
		};
		21D8FCAB1EC4151F00C6A3DC /* LaunchScreen.storyboard */ = {
			isa = PBXVariantGroup;
			children = (
				21D8FCAC1EC4151F00C6A3DC /* Base */,
			);
			name = LaunchScreen.storyboard;
			sourceTree = "<group>";
		};
/* End PBXVariantGroup section */

/* Begin XCBuildConfiguration section */
		21D8FCC51EC4151F00C6A3DC /* Debug */ = {
			isa = XCBuildConfiguration;
			buildSettings = {
				ALWAYS_SEARCH_USER_PATHS = NO;
				CLANG_ANALYZER_NONNULL = YES;
				CLANG_CXX_LANGUAGE_STANDARD = "gnu++0x";
				CLANG_CXX_LIBRARY = "libc++";
				CLANG_ENABLE_MODULES = YES;
				CLANG_ENABLE_OBJC_ARC = YES;
				CLANG_WARN_BOOL_CONVERSION = YES;
				CLANG_WARN_CONSTANT_CONVERSION = YES;
				CLANG_WARN_DIRECT_OBJC_ISA_USAGE = YES_ERROR;
				CLANG_WARN_DOCUMENTATION_COMMENTS = YES;
				CLANG_WARN_EMPTY_BODY = YES;
				CLANG_WARN_ENUM_CONVERSION = YES;
				CLANG_WARN_INFINITE_RECURSION = YES;
				CLANG_WARN_INT_CONVERSION = YES;
				CLANG_WARN_OBJC_ROOT_CLASS = YES_ERROR;
				CLANG_WARN_SUSPICIOUS_MOVE = YES;
				CLANG_WARN_UNREACHABLE_CODE = YES;
				CLANG_WARN__DUPLICATE_METHOD_MATCH = YES;
				"CODE_SIGN_IDENTITY[sdk=iphoneos*]" = "iPhone Developer";
				COPY_PHASE_STRIP = NO;
				DEBUG_INFORMATION_FORMAT = dwarf;
				ENABLE_STRICT_OBJC_MSGSEND = YES;
				ENABLE_TESTABILITY = YES;
				GCC_C_LANGUAGE_STANDARD = gnu99;
				GCC_DYNAMIC_NO_PIC = NO;
				GCC_NO_COMMON_BLOCKS = YES;
				GCC_OPTIMIZATION_LEVEL = 0;
				GCC_PREPROCESSOR_DEFINITIONS = (
					"DEBUG=1",
					"$(inherited)",
				);
				GCC_WARN_64_TO_32_BIT_CONVERSION = YES;
				GCC_WARN_ABOUT_RETURN_TYPE = YES_ERROR;
				GCC_WARN_UNDECLARED_SELECTOR = YES;
				GCC_WARN_UNINITIALIZED_AUTOS = YES_AGGRESSIVE;
				GCC_WARN_UNUSED_FUNCTION = YES;
				GCC_WARN_UNUSED_VARIABLE = YES;
				IPHONEOS_DEPLOYMENT_TARGET = 10.2;
				MTL_ENABLE_DEBUG_INFO = YES;
				ONLY_ACTIVE_ARCH = YES;
				SDKROOT = iphoneos;
				SWIFT_ACTIVE_COMPILATION_CONDITIONS = DEBUG;
				SWIFT_OPTIMIZATION_LEVEL = "-Onone";
				TARGETED_DEVICE_FAMILY = "1,2";
			};
			name = Debug;
		};
		21D8FCC61EC4151F00C6A3DC /* Release */ = {
			isa = XCBuildConfiguration;
			buildSettings = {
				ALWAYS_SEARCH_USER_PATHS = NO;
				CLANG_ANALYZER_NONNULL = YES;
				CLANG_CXX_LANGUAGE_STANDARD = "gnu++0x";
				CLANG_CXX_LIBRARY = "libc++";
				CLANG_ENABLE_MODULES = YES;
				CLANG_ENABLE_OBJC_ARC = YES;
				CLANG_WARN_BOOL_CONVERSION = YES;
				CLANG_WARN_CONSTANT_CONVERSION = YES;
				CLANG_WARN_DIRECT_OBJC_ISA_USAGE = YES_ERROR;
				CLANG_WARN_DOCUMENTATION_COMMENTS = YES;
				CLANG_WARN_EMPTY_BODY = YES;
				CLANG_WARN_ENUM_CONVERSION = YES;
				CLANG_WARN_INFINITE_RECURSION = YES;
				CLANG_WARN_INT_CONVERSION = YES;
				CLANG_WARN_OBJC_ROOT_CLASS = YES_ERROR;
				CLANG_WARN_SUSPICIOUS_MOVE = YES;
				CLANG_WARN_UNREACHABLE_CODE = YES;
				CLANG_WARN__DUPLICATE_METHOD_MATCH = YES;
				"CODE_SIGN_IDENTITY[sdk=iphoneos*]" = "iPhone Developer";
				COPY_PHASE_STRIP = NO;
				DEBUG_INFORMATION_FORMAT = "dwarf-with-dsym";
				ENABLE_NS_ASSERTIONS = NO;
				ENABLE_STRICT_OBJC_MSGSEND = YES;
				GCC_C_LANGUAGE_STANDARD = gnu99;
				GCC_NO_COMMON_BLOCKS = YES;
				GCC_WARN_64_TO_32_BIT_CONVERSION = YES;
				GCC_WARN_ABOUT_RETURN_TYPE = YES_ERROR;
				GCC_WARN_UNDECLARED_SELECTOR = YES;
				GCC_WARN_UNINITIALIZED_AUTOS = YES_AGGRESSIVE;
				GCC_WARN_UNUSED_FUNCTION = YES;
				GCC_WARN_UNUSED_VARIABLE = YES;
				IPHONEOS_DEPLOYMENT_TARGET = 10.2;
				MTL_ENABLE_DEBUG_INFO = NO;
				SDKROOT = iphoneos;
				SWIFT_OPTIMIZATION_LEVEL = "-Owholemodule";
				TARGETED_DEVICE_FAMILY = "1,2";
				VALIDATE_PRODUCT = YES;
			};
			name = Release;
		};
		21D8FCC81EC4151F00C6A3DC /* Debug */ = {
			isa = XCBuildConfiguration;
			buildSettings = {
				ASSETCATALOG_COMPILER_APPICON_NAME = AppIcon;
				CLANG_ENABLE_MODULES = YES;
				INFOPLIST_FILE = p2s/Info.plist;
				LD_RUNPATH_SEARCH_PATHS = "$(inherited) @executable_path/Frameworks";
				PRODUCT_BUNDLE_IDENTIFIER = com.mycompany.p2s;
				PRODUCT_NAME = "$(TARGET_NAME)";
				SWIFT_OBJC_BRIDGING_HEADER = "p2s/p2s-Bridging-Header.h";
				SWIFT_OPTIMIZATION_LEVEL = "-Onone";
				SWIFT_VERSION = 3.0;
			};
			name = Debug;
		};
		21D8FCC91EC4151F00C6A3DC /* Release */ = {
			isa = XCBuildConfiguration;
			buildSettings = {
				ASSETCATALOG_COMPILER_APPICON_NAME = AppIcon;
				CLANG_ENABLE_MODULES = YES;
				INFOPLIST_FILE = p2s/Info.plist;
				LD_RUNPATH_SEARCH_PATHS = "$(inherited) @executable_path/Frameworks";
				PRODUCT_BUNDLE_IDENTIFIER = com.mycompany.p2s;
				PRODUCT_NAME = "$(TARGET_NAME)";
				SWIFT_OBJC_BRIDGING_HEADER = "p2s/p2s-Bridging-Header.h";
				SWIFT_VERSION = 3.0;
			};
			name = Release;
		};
		21D8FCCB1EC4151F00C6A3DC /* Debug */ = {
			isa = XCBuildConfiguration;
			buildSettings = {
				ALWAYS_EMBED_SWIFT_STANDARD_LIBRARIES = YES;
				BUNDLE_LOADER = "$(TEST_HOST)";
				INFOPLIST_FILE = p2sTests/Info.plist;
				LD_RUNPATH_SEARCH_PATHS = "$(inherited) @executable_path/Frameworks @loader_path/Frameworks";
				PRODUCT_BUNDLE_IDENTIFIER = com.mycompany.p2sTests;
				PRODUCT_NAME = "$(TARGET_NAME)";
				SWIFT_VERSION = 3.0;
				TEST_HOST = "$(BUILT_PRODUCTS_DIR)/p2s.app/p2s";
			};
			name = Debug;
		};
		21D8FCCC1EC4151F00C6A3DC /* Release */ = {
			isa = XCBuildConfiguration;
			buildSettings = {
				ALWAYS_EMBED_SWIFT_STANDARD_LIBRARIES = YES;
				BUNDLE_LOADER = "$(TEST_HOST)";
				INFOPLIST_FILE = p2sTests/Info.plist;
				LD_RUNPATH_SEARCH_PATHS = "$(inherited) @executable_path/Frameworks @loader_path/Frameworks";
				PRODUCT_BUNDLE_IDENTIFIER = com.mycompany.p2sTests;
				PRODUCT_NAME = "$(TARGET_NAME)";
				SWIFT_VERSION = 3.0;
				TEST_HOST = "$(BUILT_PRODUCTS_DIR)/p2s.app/p2s";
			};
			name = Release;
		};
		21D8FCCE1EC4151F00C6A3DC /* Debug */ = {
			isa = XCBuildConfiguration;
			buildSettings = {
				ALWAYS_EMBED_SWIFT_STANDARD_LIBRARIES = YES;
				INFOPLIST_FILE = p2sUITests/Info.plist;
				LD_RUNPATH_SEARCH_PATHS = "$(inherited) @executable_path/Frameworks @loader_path/Frameworks";
				PRODUCT_BUNDLE_IDENTIFIER = com.mycompany.p2sUITests;
				PRODUCT_NAME = "$(TARGET_NAME)";
				SWIFT_VERSION = 3.0;
				TEST_TARGET_NAME = p2s;
			};
			name = Debug;
		};
		21D8FCCF1EC4151F00C6A3DC /* Release */ = {
			isa = XCBuildConfiguration;
			buildSettings = {
				ALWAYS_EMBED_SWIFT_STANDARD_LIBRARIES = YES;
				INFOPLIST_FILE = p2sUITests/Info.plist;
				LD_RUNPATH_SEARCH_PATHS = "$(inherited) @executable_path/Frameworks @loader_path/Frameworks";
				PRODUCT_BUNDLE_IDENTIFIER = com.mycompany.p2sUITests;
				PRODUCT_NAME = "$(TARGET_NAME)";
				SWIFT_VERSION = 3.0;
				TEST_TARGET_NAME = p2s;
			};
			name = Release;
		};
/* End XCBuildConfiguration section */

/* Begin XCConfigurationList section */
		21D8FC9A1EC4151F00C6A3DC /* Build configuration list for PBXProject "p2s" */ = {
			isa = XCConfigurationList;
			buildConfigurations = (
				21D8FCC51EC4151F00C6A3DC /* Debug */,
				21D8FCC61EC4151F00C6A3DC /* Release */,
			);
			defaultConfigurationIsVisible = 0;
			defaultConfigurationName = Release;
		};
		21D8FCC71EC4151F00C6A3DC /* Build configuration list for PBXNativeTarget "p2s" */ = {
			isa = XCConfigurationList;
			buildConfigurations = (
				21D8FCC81EC4151F00C6A3DC /* Debug */,
				21D8FCC91EC4151F00C6A3DC /* Release */,
			);
			defaultConfigurationIsVisible = 0;
			defaultConfigurationName = Release;
		};
		21D8FCCA1EC4151F00C6A3DC /* Build configuration list for PBXNativeTarget "p2sTests" */ = {
			isa = XCConfigurationList;
			buildConfigurations = (
				21D8FCCB1EC4151F00C6A3DC /* Debug */,
				21D8FCCC1EC4151F00C6A3DC /* Release */,
			);
			defaultConfigurationIsVisible = 0;
			defaultConfigurationName = Release;
		};
		21D8FCCD1EC4151F00C6A3DC /* Build configuration list for PBXNativeTarget "p2sUITests" */ = {
			isa = XCConfigurationList;
			buildConfigurations = (
				21D8FCCE1EC4151F00C6A3DC /* Debug */,
				21D8FCCF1EC4151F00C6A3DC /* Release */,
			);
			defaultConfigurationIsVisible = 0;
			defaultConfigurationName = Release;
		};
/* End XCConfigurationList section */
	};
	rootObject = 21D8FC971EC4151F00C6A3DC /* Project object */;
}
